
Microsoft Visual Studio Solution File, Format Version 12.00
# Visual Studio Version 16
VisualStudioVersion = 16.0.31205.134
MinimumVisualStudioVersion = 10.0.40219.1
Project("{FAE04EC0-301F-11D3-BF4B-00C04F79EFBC}") = "SheetPanelAutomation.Grasshopper", "SheetPanelAutomation.Grasshopper\SheetPanelAutomation.Grasshopper.csproj", "{E7A839BA-4328-4867-842A-91394E6A2719}"
EndProject
Project("{FAE04EC0-301F-11D3-BF4B-00C04F79EFBC}") = "SheetPanelAutomation.Rhino", "SheetPanelAutomation.Rhino\SheetPanelAutomation.Rhino.csproj", "{7C8BB21B-E240-4594-8148-AB9875BC5E0D}"
EndProject
Global
	GlobalSection(SolutionConfigurationPlatforms) = preSolution
		Debug|Any CPU = Debug|Any CPU
		Release|Any CPU = Release|Any CPU
	EndGlobalSection
	GlobalSection(ProjectConfigurationPlatforms) = postSolution
		{E7A839BA-4328-4867-842A-91394E6A2719}.Debug|Any CPU.ActiveCfg = Debug|Any CPU
		{E7A839BA-4328-4867-842A-91394E6A2719}.Debug|Any CPU.Build.0 = Debug|Any CPU
		{E7A839BA-4328-4867-842A-91394E6A2719}.Release|Any CPU.ActiveCfg = Release|Any CPU
		{E7A839BA-4328-4867-842A-91394E6A2719}.Release|Any CPU.Build.0 = Release|Any CPU
		{7C8BB21B-E240-4594-8148-AB9875BC5E0D}.Debug|Any CPU.ActiveCfg = Debug|Any CPU
		{7C8BB21B-E240-4594-8148-AB9875BC5E0D}.Debug|Any CPU.Build.0 = Debug|Any CPU
		{7C8BB21B-E240-4594-8148-AB9875BC5E0D}.Release|Any CPU.ActiveCfg = Release|Any CPU
		{7C8BB21B-E240-4594-8148-AB9875BC5E0D}.Release|Any CPU.Build.0 = Release|Any CPU
	EndGlobalSection
	GlobalSection(SolutionProperties) = preSolution
		HideSolutionNode = FALSE
	EndGlobalSection
	GlobalSection(ExtensibilityGlobals) = postSolution
		SolutionGuid = {E496B39A-BD7C-40F9-BD28-9E1D1B5692D7}
	EndGlobalSection
EndGlobal
